// !$*UTF8*$!
{
	archiveVersion = 1;
	classes = {
	};
	objectVersion = 46;
	objects = {

/* Begin PBXBuildFile section */
		F3544A2B1D6B229700422AEF /* AppDelegate.swift in Sources */ = {isa = PBXBuildFile; fileRef = F3544A2A1D6B229700422AEF /* AppDelegate.swift */; };
		F3544A2F1D6B229700422AEF /* GameScene.swift in Sources */ = {isa = PBXBuildFile; fileRef = F3544A2E1D6B229700422AEF /* GameScene.swift */; };
		F3544A311D6B229700422AEF /* GameViewController.swift in Sources */ = {isa = PBXBuildFile; fileRef = F3544A301D6B229700422AEF /* GameViewController.swift */; };
		F3544A341D6B229700422AEF /* Main.storyboard in Resources */ = {isa = PBXBuildFile; fileRef = F3544A321D6B229700422AEF /* Main.storyboard */; };
		F3544A361D6B229700422AEF /* Assets.xcassets in Resources */ = {isa = PBXBuildFile; fileRef = F3544A351D6B229700422AEF /* Assets.xcassets */; };
		F3544A391D6B229700422AEF /* LaunchScreen.storyboard in Resources */ = {isa = PBXBuildFile; fileRef = F3544A371D6B229700422AEF /* LaunchScreen.storyboard */; };
		F3544A411D6B25DE00422AEF /* BearImages.atlas in Resources */ = {isa = PBXBuildFile; fileRef = F3544A401D6B25DE00422AEF /* BearImages.atlas */; };
/* End PBXBuildFile section */

/* Begin PBXFileReference section */
		F3544A271D6B229700422AEF /* AnimatedBearSwift.app */ = {isa = PBXFileReference; explicitFileType = wrapper.application; includeInIndex = 0; path = AnimatedBearSwift.app; sourceTree = BUILT_PRODUCTS_DIR; };
		F3544A2A1D6B229700422AEF /* AppDelegate.swift */ = {isa = PBXFileReference; lastKnownFileType = sourcecode.swift; path = AppDelegate.swift; sourceTree = "<group>"; };
		F3544A2E1D6B229700422AEF /* GameScene.swift */ = {isa = PBXFileReference; lastKnownFileType = sourcecode.swift; path = GameScene.swift; sourceTree = "<group>"; };
		F3544A301D6B229700422AEF /* GameViewController.swift */ = {isa = PBXFileReference; lastKnownFileType = sourcecode.swift; path = GameViewController.swift; sourceTree = "<group>"; };
		F3544A331D6B229700422AEF /* Base */ = {isa = PBXFileReference; lastKnownFileType = file.storyboard; name = Base; path = Base.lproj/Main.storyboard; sourceTree = "<group>"; };
		F3544A351D6B229700422AEF /* Assets.xcassets */ = {isa = PBXFileReference; lastKnownFileType = folder.assetcatalog; path = Assets.xcassets; sourceTree = "<group>"; };
		F3544A381D6B229700422AEF /* Base */ = {isa = PBXFileReference; lastKnownFileType = file.storyboard; name = Base; path = Base.lproj/LaunchScreen.storyboard; sourceTree = "<group>"; };
		F3544A3A1D6B229700422AEF /* Info.plist */ = {isa = PBXFileReference; lastKnownFileType = text.plist.xml; path = Info.plist; sourceTree = "<group>"; };
		F3544A401D6B25DE00422AEF /* BearImages.atlas */ = {isa = PBXFileReference; lastKnownFileType = folder.skatlas; path = BearImages.atlas; sourceTree = "<group>"; };
/* End PBXFileReference section */

/* Begin PBXFrameworksBuildPhase section */
		F3544A241D6B229700422AEF /* Frameworks */ = {
			isa = PBXFrameworksBuildPhase;
			buildActionMask = 2147483647;
			files = (
			);
			runOnlyForDeploymentPostprocessing = 0;
		};
/* End PBXFrameworksBuildPhase section */

/* Begin PBXGroup section */
		F3544A1E1D6B229700422AEF = {
			isa = PBXGroup;
			children = (
				F3544A291D6B229700422AEF /* AnimatedBearSwift */,
				F3544A281D6B229700422AEF /* Products */,
			);
			sourceTree = "<group>";
		};
		F3544A281D6B229700422AEF /* Products */ = {
			isa = PBXGroup;
			children = (
				F3544A271D6B229700422AEF /* AnimatedBearSwift.app */,
			);
			name = Products;
			sourceTree = "<group>";
		};
		F3544A291D6B229700422AEF /* AnimatedBearSwift */ = {
			isa = PBXGroup;
			children = (
				F3544A401D6B25DE00422AEF /* BearImages.atlas */,
				F3544A2A1D6B229700422AEF /* AppDelegate.swift */,
				F3544A2E1D6B229700422AEF /* GameScene.swift */,
				F3544A301D6B229700422AEF /* GameViewController.swift */,
				F3544A321D6B229700422AEF /* Main.storyboard */,
				F3544A351D6B229700422AEF /* Assets.xcassets */,
				F3544A371D6B229700422AEF /* LaunchScreen.storyboard */,
				F3544A3A1D6B229700422AEF /* Info.plist */,
			);
			path = AnimatedBearSwift;
			sourceTree = "<group>";
		};
/* End PBXGroup section */

/* Begin PBXNativeTarget section */
		F3544A261D6B229700422AEF /* AnimatedBearSwift */ = {
			isa = PBXNativeTarget;
			buildConfigurationList = F3544A3D1D6B229700422AEF /* Build configuration list for PBXNativeTarget "AnimatedBearSwift" */;
			buildPhases = (
				F3544A231D6B229700422AEF /* Sources */,
				F3544A241D6B229700422AEF /* Frameworks */,
				F3544A251D6B229700422AEF /* Resources */,
			);
			buildRules = (
			);
			dependencies = (
			);
			name = AnimatedBearSwift;
			productName = AnimatedBearSwift;
			productReference = F3544A271D6B229700422AEF /* AnimatedBearSwift.app */;
			productType = "com.apple.product-type.application";
		};
/* End PBXNativeTarget section */

/* Begin PBXProject section */
		F3544A1F1D6B229700422AEF /* Project object */ = {
			isa = PBXProject;
			attributes = {
				LastSwiftUpdateCheck = 0730;
				LastUpgradeCheck = 0730;
				ORGANIZATIONNAME = TheLADbibleGroup;
				TargetAttributes = {
					F3544A261D6B229700422AEF = {
						CreatedOnToolsVersion = 7.3.1;
					};
				};
			};
			buildConfigurationList = F3544A221D6B229700422AEF /* Build configuration list for PBXProject "AnimatedBearSwift" */;
			compatibilityVersion = "Xcode 3.2";
			developmentRegion = English;
			hasScannedForEncodings = 0;
			knownRegions = (
				en,
				Base,
			);
			mainGroup = F3544A1E1D6B229700422AEF;
			productRefGroup = F3544A281D6B229700422AEF /* Products */;
			projectDirPath = "";
			projectRoot = "";
			targets = (
				F3544A261D6B229700422AEF /* AnimatedBearSwift */,
			);
		};
/* End PBXProject section */

/* Begin PBXResourcesBuildPhase section */
		F3544A251D6B229700422AEF /* Resources */ = {
			isa = PBXResourcesBuildPhase;
			buildActionMask = 2147483647;
			files = (
				F3544A391D6B229700422AEF /* LaunchScreen.storyboard in Resources */,
				F3544A411D6B25DE00422AEF /* BearImages.atlas in Resources */,
				F3544A361D6B229700422AEF /* Assets.xcassets in Resources */,
				F3544A341D6B229700422AEF /* Main.storyboard in Resources */,
			);
			runOnlyForDeploymentPostprocessing = 0;
		};
/* End PBXResourcesBuildPhase section */

/* Begin PBXSourcesBuildPhase section */
		F3544A231D6B229700422AEF /* Sources */ = {
			isa = PBXSourcesBuildPhase;
			buildActionMask = 2147483647;
			files = (
				F3544A2F1D6B229700422AEF /* GameScene.swift in Sources */,
				F3544A311D6B229700422AEF /* GameViewController.swift in Sources */,
				F3544A2B1D6B229700422AEF /* AppDelegate.swift in Sources */,
			);
			runOnlyForDeploymentPostprocessing = 0;
		};
/* End PBXSourcesBuildPhase section */

/* Begin PBXVariantGroup section */
		F3544A321D6B229700422AEF /* Main.storyboard */ = {
			isa = PBXVariantGroup;
			children = (
				F3544A331D6B229700422AEF /* Base */,
			);
			name = Main.storyboard;
			sourceTree = "<group>";
		};
		F3544A371D6B229700422AEF /* LaunchScreen.storyboard */ = {
			isa = PBXVariantGroup;
			children = (
				F3544A381D6B229700422AEF /* Base */,
			);
			name = LaunchScreen.storyboard;
			sourceTree = "<group>";
		};
/* End PBXVariantGroup section */

/* Begin XCBuildConfiguration section */
		F3544A3B1D6B229700422AEF /* Debug */ = {
			isa = XCBuildConfiguration;
			buildSettings = {
				ALWAYS_SEARCH_USER_PATHS = NO;
				CLANG_ANALYZER_NONNULL = YES;
				CLANG_CXX_LANGUAGE_STANDARD = "gnu++0x";
				CLANG_CXX_LIBRARY = "libc++";
				CLANG_ENABLE_MODULES = YES;
				CLANG_ENABLE_OBJC_ARC = YES;
				CLANG_WARN_BOOL_CONVERSION = YES;
				CLANG_WARN_CONSTANT_CONVERSION = YES;
				CLANG_WARN_DIRECT_OBJC_ISA_USAGE = YES_ERROR;
				CLANG_WARN_EMPTY_BODY = YES;
				CLANG_WARN_ENUM_CONVERSION = YES;
				CLANG_WARN_INT_CONVERSION = YES;
				CLANG_WARN_OBJC_ROOT_CLASS = YES_ERROR;
				CLANG_WARN_UNREACHABLE_CODE = YES;
				CLANG_WARN__DUPLICATE_METHOD_MATCH = YES;
				"CODE_SIGN_IDENTITY[sdk=iphoneos*]" = "iPhone Developer";
				COPY_PHASE_STRIP = NO;
				DEBUG_INFORMATION_FORMAT = "dwarf-with-dsym";
				ENABLE_STRICT_OBJC_MSGSEND = YES;
				ENABLE_TESTABILITY = YES;
				GCC_C_LANGUAGE_STANDARD = gnu99;
				GCC_DYNAMIC_NO_PIC = NO;
				GCC_NO_COMMON_BLOCKS = YES;
				GCC_OPTIMIZATION_LEVEL = 0;
				GCC_PREPROCESSOR_DEFINITIONS = (
					"DEBUG=1",
					"$(inherited)",
				);
				GCC_WARN_64_TO_32_BIT_CONVERSION = YES;
				GCC_WARN_ABOUT_RETURN_TYPE = YES_ERROR;
				GCC_WARN_UNDECLARED_SELECTOR = YES;
				GCC_WARN_UNINITIALIZED_AUTOS = YES_AGGRESSIVE;
				GCC_WARN_UNUSED_FUNCTION = YES;
				GCC_WARN_UNUSED_VARIABLE = YES;
				IPHONEOS_DEPLOYMENT_TARGET = 9.3;
				MTL_ENABLE_DEBUG_INFO = YES;
				ONLY_ACTIVE_ARCH = YES;
				SDKROOT = iphoneos;
				SWIFT_OPTIMIZATION_LEVEL = "-Onone";
			};
			name = Debug;
		};
		F3544A3C1D6B229700422AEF /* Release */ = {
			isa = XCBuildConfiguration;
			buildSettings = {
				ALWAYS_SEARCH_USER_PATHS = NO;
				CLANG_ANALYZER_NONNULL = YES;
				CLANG_CXX_LANGUAGE_STANDARD = "gnu++0x";
				CLANG_CXX_LIBRARY = "libc++";
				CLANG_ENABLE_MODULES = YES;
				CLANG_ENABLE_OBJC_ARC = YES;
				CLANG_WARN_BOOL_CONVERSION = YES;
				CLANG_WARN_CONSTANT_CONVERSION = YES;
				CLANG_WARN_DIRECT_OBJC_ISA_USAGE = YES_ERROR;
				CLANG_WARN_EMPTY_BODY = YES;
				CLANG_WARN_ENUM_CONVERSION = YES;
				CLANG_WARN_INT_CONVERSION = YES;
				CLANG_WARN_OBJC_ROOT_CLASS = YES_ERROR;
				CLANG_WARN_UNREACHABLE_CODE = YES;
				CLANG_WARN__DUPLICATE_METHOD_MATCH = YES;
				"CODE_SIGN_IDENTITY[sdk=iphoneos*]" = "iPhone Developer";
				COPY_PHASE_STRIP = NO;
				DEBUG_INFORMATION_FORMAT = "dwarf-with-dsym";
				ENABLE_NS_ASSERTIONS = NO;
				ENABLE_STRICT_OBJC_MSGSEND = YES;
				GCC_C_LANGUAGE_STANDARD = gnu99;
				GCC_NO_COMMON_BLOCKS = YES;
				GCC_WARN_64_TO_32_BIT_CONVERSION = YES;
				GCC_WARN_ABOUT_RETURN_TYPE = YES_ERROR;
				GCC_WARN_UNDECLARED_SELECTOR = YES;
				GCC_WARN_UNINITIALIZED_AUTOS = YES_AGGRESSIVE;
				GCC_WARN_UNUSED_FUNCTION = YES;
				GCC_WARN_UNUSED_VARIABLE = YES;
				IPHONEOS_DEPLOYMENT_TARGET = 9.3;
				MTL_ENABLE_DEBUG_INFO = NO;
				SDKROOT = iphoneos;
				VALIDATE_PRODUCT = YES;
			};
			name = Release;
		};
		F3544A3E1D6B229700422AEF /* Debug */ = {
			isa = XCBuildConfiguration;
			buildSettings = {
				ASSETCATALOG_COMPILER_APPICON_NAME = AppIcon;
				INFOPLIST_FILE = AnimatedBearSwift/Info.plist;
				LD_RUNPATH_SEARCH_PATHS = "$(inherited) @executable_path/Frameworks";
				PRODUCT_BUNDLE_IDENTIFIER = com.TheLADbibleGroup.AnimatedBearSwift;
				PRODUCT_NAME = "$(TARGET_NAME)";
				TARGETED_DEVICE_FAMILY = 2;
			};
			name = Debug;
		};
		F3544A3F1D6B229700422AEF /* Release */ = {
			isa = XCBuildConfiguration;
			buildSettings = {
				ASSETCATALOG_COMPILER_APPICON_NAME = AppIcon;
				INFOPLIST_FILE = AnimatedBearSwift/Info.plist;
				LD_RUNPATH_SEARCH_PATHS = "$(inherited) @executable_path/Frameworks";
				PRODUCT_BUNDLE_IDENTIFIER = com.TheLADbibleGroup.AnimatedBearSwift;
				PRODUCT_NAME = "$(TARGET_NAME)";
				TARGETED_DEVICE_FAMILY = 2;
			};
			name = Release;
		};
/* End XCBuildConfiguration section */

/* Begin XCConfigurationList section */
		F3544A221D6B229700422AEF /* Build configuration list for PBXProject "AnimatedBearSwift" */ = {
			isa = XCConfigurationList;
			buildConfigurations = (
				F3544A3B1D6B229700422AEF /* Debug */,
				F3544A3C1D6B229700422AEF /* Release */,
			);
			defaultConfigurationIsVisible = 0;
			defaultConfigurationName = Release;
		};
		F3544A3D1D6B229700422AEF /* Build configuration list for PBXNativeTarget "AnimatedBearSwift" */ = {
			isa = XCConfigurationList;
			buildConfigurations = (
				F3544A3E1D6B229700422AEF /* Debug */,
				F3544A3F1D6B229700422AEF /* Release */,
			);
			defaultConfigurationIsVisible = 0;
		};
/* End XCConfigurationList section */
	};
	rootObject = F3544A1F1D6B229700422AEF /* Project object */;
}
